
Microsoft Visual Studio Solution File, Format Version 12.00
# Visual Studio Version 16
VisualStudioVersion = 16.0.31424.327
MinimumVisualStudioVersion = 10.0.40219.1
Project("{FAE04EC0-301F-11D3-BF4B-00C04F79EFBC}") = "cs_client", "cs_client\cs_client.csproj", "{7AE0F0F3-A15F-48F8-A9F2-5D416824C14A}"
EndProject
Project("{FAE04EC0-301F-11D3-BF4B-00C04F79EFBC}") = "cs_server", "cs_server\cs_server.csproj", "{30F649CB-ED71-4102-AF41-38D7544A0D66}"
EndProject
Global
	GlobalSection(SolutionConfigurationPlatforms) = preSolution
		Debug|Any CPU = Debug|Any CPU
		Release|Any CPU = Release|Any CPU
	EndGlobalSection
	GlobalSection(ProjectConfigurationPlatforms) = postSolution
		{7AE0F0F3-A15F-48F8-A9F2-5D416824C14A}.Debug|Any CPU.ActiveCfg = Debug|Any CPU
		{7AE0F0F3-A15F-48F8-A9F2-5D416824C14A}.Debug|Any CPU.Build.0 = Debug|Any CPU
		{7AE0F0F3-A15F-48F8-A9F2-5D416824C14A}.Release|Any CPU.ActiveCfg = Release|Any CPU
		{7AE0F0F3-A15F-48F8-A9F2-5D416824C14A}.Release|Any CPU.Build.0 = Release|Any CPU
		{30F649CB-ED71-4102-AF41-38D7544A0D66}.Debug|Any CPU.ActiveCfg = Debug|Any CPU
		{30F649CB-ED71-4102-AF41-38D7544A0D66}.Debug|Any CPU.Build.0 = Debug|Any CPU
		{30F649CB-ED71-4102-AF41-38D7544A0D66}.Release|Any CPU.ActiveCfg = Release|Any CPU
		{30F649CB-ED71-4102-AF41-38D7544A0D66}.Release|Any CPU.Build.0 = Release|Any CPU
	EndGlobalSection
	GlobalSection(SolutionProperties) = preSolution
		HideSolutionNode = FALSE
	EndGlobalSection
	GlobalSection(ExtensibilityGlobals) = postSolution
		SolutionGuid = {E6FF29CF-38BD-44DB-BFDE-4E04DE6CA752}
	EndGlobalSection
EndGlobal
